{
  "name": "effect-http",
  "version": "1.0.0",
  "lockfileVersion": 3,
  "requires": true,
  "packages": {
    "": {
      "name": "effect-http",
      "version": "1.0.0",
      "license": "ISC",
      "dependencies": {
        "effect": "^3.2.3"
      },
      "devDependencies": {
        "typescript": "^5.4.5"
      }
    },
    "node_modules/effect": {
      "version": "3.2.3",
      "resolved": "https://registry.npmjs.org/effect/-/effect-3.2.3.tgz",
      "integrity": "sha512-tI0pzouV9BnZFHXNDoMCn9L76RFr23FMyzQ8syl+hxNtkn5aRdcQLeapv8acix+O4sQjQA4MpT8H3X9jfTs6hg=="
    },
    "node_modules/typescript": {
      "version": "5.4.5",
      "resolved": "https://registry.npmjs.org/typescript/-/typescript-5.4.5.tgz",
      "integrity": "sha512-vcI4UpRgg81oIRUFwR0WSIHKt11nJ7SAVlYNIu+QpqeyXP+gpQJy/Z4+F0aGxSE4MqwjyXvW/TzgkLAx2AGHwQ==",
      "dev": true,
      "bin": {
        "tsc": "bin/tsc",
        "tsserver": "bin/tsserver"
      },
      "engines": {
        "node": ">=14.17"
      }
    }
  }
}
